
Microsoft Visual Studio Solution File, Format Version 12.00
# Visual Studio 15
Project("{FAE04EC0-301F-11D3-BF4B-00C04F79EFBC}") = "Dex", "Assembly-CSharp.csproj", "{96EFEE16-F372-9916-2D5C-2A145E91F4BB}"
EndProject
Project("{FAE04EC0-301F-11D3-BF4B-00C04F79EFBC}") = "Dex", "Assembly-CSharp-Editor.csproj", "{1574E9CF-6D95-2959-E12B-94272EC91060}"
EndProject
Global
	GlobalSection(SolutionConfigurationPlatforms) = preSolution
		Debug|Any CPU = Debug|Any CPU
		Release|Any CPU = Release|Any CPU
	EndGlobalSection
	GlobalSection(ProjectConfigurationPlatforms) = postSolution
		{96EFEE16-F372-9916-2D5C-2A145E91F4BB}.Debug|Any CPU.ActiveCfg = Debug|Any CPU
		{96EFEE16-F372-9916-2D5C-2A145E91F4BB}.Debug|Any CPU.Build.0 = Debug|Any CPU
		{96EFEE16-F372-9916-2D5C-2A145E91F4BB}.Release|Any CPU.ActiveCfg = Release|Any CPU
		{96EFEE16-F372-9916-2D5C-2A145E91F4BB}.Release|Any CPU.Build.0 = Release|Any CPU
		{1574E9CF-6D95-2959-E12B-94272EC91060}.Debug|Any CPU.ActiveCfg = Debug|Any CPU
		{1574E9CF-6D95-2959-E12B-94272EC91060}.Debug|Any CPU.Build.0 = Debug|Any CPU
		{1574E9CF-6D95-2959-E12B-94272EC91060}.Release|Any CPU.ActiveCfg = Release|Any CPU
		{1574E9CF-6D95-2959-E12B-94272EC91060}.Release|Any CPU.Build.0 = Release|Any CPU
	EndGlobalSection
	GlobalSection(SolutionProperties) = preSolution
		HideSolutionNode = FALSE
	EndGlobalSection
EndGlobal
